// !$*UTF8*$!
{
	archiveVersion = 1;
	classes = {
	};
	objectVersion = 46;
	objects = {

/* Begin PBXBuildFile section */
		D285E59B1BC769E50090FA0E /* NSObject+KVOHelper.m in Sources */ = {isa = PBXBuildFile; fileRef = D285E59A1BC769E50090FA0E /* NSObject+KVOHelper.m */; };
		D2BFA69F1BC64E2500A8B70E /* main.m in Sources */ = {isa = PBXBuildFile; fileRef = D2BFA69E1BC64E2500A8B70E /* main.m */; };
		D2BFA6A21BC64E2500A8B70E /* AppDelegate.m in Sources */ = {isa = PBXBuildFile; fileRef = D2BFA6A11BC64E2500A8B70E /* AppDelegate.m */; };
		D2BFA6A51BC64E2500A8B70E /* ViewController.m in Sources */ = {isa = PBXBuildFile; fileRef = D2BFA6A41BC64E2500A8B70E /* ViewController.m */; };
		D2BFA6A81BC64E2500A8B70E /* Main.storyboard in Resources */ = {isa = PBXBuildFile; fileRef = D2BFA6A61BC64E2500A8B70E /* Main.storyboard */; };
		D2BFA6AA1BC64E2500A8B70E /* Images.xcassets in Resources */ = {isa = PBXBuildFile; fileRef = D2BFA6A91BC64E2500A8B70E /* Images.xcassets */; };
		D2BFA6AD1BC64E2500A8B70E /* LaunchScreen.xib in Resources */ = {isa = PBXBuildFile; fileRef = D2BFA6AB1BC64E2500A8B70E /* LaunchScreen.xib */; };
		D2BFA6B91BC64E2600A8B70E /* SafeKVOHandleTests.m in Sources */ = {isa = PBXBuildFile; fileRef = D2BFA6B81BC64E2600A8B70E /* SafeKVOHandleTests.m */; };
		D2BFA6C41BC64E4F00A8B70E /* SafeKVOHandle.m in Sources */ = {isa = PBXBuildFile; fileRef = D2BFA6C31BC64E4F00A8B70E /* SafeKVOHandle.m */; };
/* End PBXBuildFile section */

/* Begin PBXContainerItemProxy section */
		D2BFA6B31BC64E2600A8B70E /* PBXContainerItemProxy */ = {
			isa = PBXContainerItemProxy;
			containerPortal = D2BFA6911BC64E2500A8B70E /* Project object */;
			proxyType = 1;
			remoteGlobalIDString = D2BFA6981BC64E2500A8B70E;
			remoteInfo = SafeKVOHandle;
		};
/* End PBXContainerItemProxy section */

/* Begin PBXFileReference section */
		D285E5991BC769E50090FA0E /* NSObject+KVOHelper.h */ = {isa = PBXFileReference; fileEncoding = 4; lastKnownFileType = sourcecode.c.h; path = "NSObject+KVOHelper.h"; sourceTree = "<group>"; };
		D285E59A1BC769E50090FA0E /* NSObject+KVOHelper.m */ = {isa = PBXFileReference; fileEncoding = 4; lastKnownFileType = sourcecode.c.objc; path = "NSObject+KVOHelper.m"; sourceTree = "<group>"; };
		D2BFA6991BC64E2500A8B70E /* SafeKVOHandle.app */ = {isa = PBXFileReference; explicitFileType = wrapper.application; includeInIndex = 0; path = SafeKVOHandle.app; sourceTree = BUILT_PRODUCTS_DIR; };
		D2BFA69D1BC64E2500A8B70E /* Info.plist */ = {isa = PBXFileReference; lastKnownFileType = text.plist.xml; path = Info.plist; sourceTree = "<group>"; };
		D2BFA69E1BC64E2500A8B70E /* main.m */ = {isa = PBXFileReference; lastKnownFileType = sourcecode.c.objc; path = main.m; sourceTree = "<group>"; };
		D2BFA6A01BC64E2500A8B70E /* AppDelegate.h */ = {isa = PBXFileReference; lastKnownFileType = sourcecode.c.h; path = AppDelegate.h; sourceTree = "<group>"; };
		D2BFA6A11BC64E2500A8B70E /* AppDelegate.m */ = {isa = PBXFileReference; lastKnownFileType = sourcecode.c.objc; path = AppDelegate.m; sourceTree = "<group>"; };
		D2BFA6A31BC64E2500A8B70E /* ViewController.h */ = {isa = PBXFileReference; lastKnownFileType = sourcecode.c.h; path = ViewController.h; sourceTree = "<group>"; };
		D2BFA6A41BC64E2500A8B70E /* ViewController.m */ = {isa = PBXFileReference; lastKnownFileType = sourcecode.c.objc; path = ViewController.m; sourceTree = "<group>"; };
		D2BFA6A71BC64E2500A8B70E /* Base */ = {isa = PBXFileReference; lastKnownFileType = file.storyboard; name = Base; path = Base.lproj/Main.storyboard; sourceTree = "<group>"; };
		D2BFA6A91BC64E2500A8B70E /* Images.xcassets */ = {isa = PBXFileReference; lastKnownFileType = folder.assetcatalog; path = Images.xcassets; sourceTree = "<group>"; };
		D2BFA6AC1BC64E2500A8B70E /* Base */ = {isa = PBXFileReference; lastKnownFileType = file.xib; name = Base; path = Base.lproj/LaunchScreen.xib; sourceTree = "<group>"; };
		D2BFA6B21BC64E2600A8B70E /* SafeKVOHandleTests.xctest */ = {isa = PBXFileReference; explicitFileType = wrapper.cfbundle; includeInIndex = 0; path = SafeKVOHandleTests.xctest; sourceTree = BUILT_PRODUCTS_DIR; };
		D2BFA6B71BC64E2600A8B70E /* Info.plist */ = {isa = PBXFileReference; lastKnownFileType = text.plist.xml; path = Info.plist; sourceTree = "<group>"; };
		D2BFA6B81BC64E2600A8B70E /* SafeKVOHandleTests.m */ = {isa = PBXFileReference; lastKnownFileType = sourcecode.c.objc; path = SafeKVOHandleTests.m; sourceTree = "<group>"; };
		D2BFA6C21BC64E4F00A8B70E /* SafeKVOHandle.h */ = {isa = PBXFileReference; fileEncoding = 4; lastKnownFileType = sourcecode.c.h; path = SafeKVOHandle.h; sourceTree = "<group>"; };
		D2BFA6C31BC64E4F00A8B70E /* SafeKVOHandle.m */ = {isa = PBXFileReference; fileEncoding = 4; lastKnownFileType = sourcecode.c.objc; path = SafeKVOHandle.m; sourceTree = "<group>"; };
/* End PBXFileReference section */

/* Begin PBXFrameworksBuildPhase section */
		D2BFA6961BC64E2500A8B70E /* Frameworks */ = {
			isa = PBXFrameworksBuildPhase;
			buildActionMask = 2147483647;
			files = (
			);
			runOnlyForDeploymentPostprocessing = 0;
		};
		D2BFA6AF1BC64E2600A8B70E /* Frameworks */ = {
			isa = PBXFrameworksBuildPhase;
			buildActionMask = 2147483647;
			files = (
			);
			runOnlyForDeploymentPostprocessing = 0;
		};
/* End PBXFrameworksBuildPhase section */

/* Begin PBXGroup section */
		D2BFA6901BC64E2500A8B70E = {
			isa = PBXGroup;
			children = (
				D2BFA69B1BC64E2500A8B70E /* SafeKVOHandle */,
				D2BFA6B51BC64E2600A8B70E /* SafeKVOHandleTests */,
				D2BFA69A1BC64E2500A8B70E /* Products */,
			);
			sourceTree = "<group>";
		};
		D2BFA69A1BC64E2500A8B70E /* Products */ = {
			isa = PBXGroup;
			children = (
				D2BFA6991BC64E2500A8B70E /* SafeKVOHandle.app */,
				D2BFA6B21BC64E2600A8B70E /* SafeKVOHandleTests.xctest */,
			);
			name = Products;
			sourceTree = "<group>";
		};
		D2BFA69B1BC64E2500A8B70E /* SafeKVOHandle */ = {
			isa = PBXGroup;
			children = (
				D2BFA6A01BC64E2500A8B70E /* AppDelegate.h */,
				D2BFA6A11BC64E2500A8B70E /* AppDelegate.m */,
				D2BFA6A31BC64E2500A8B70E /* ViewController.h */,
				D2BFA6A41BC64E2500A8B70E /* ViewController.m */,
				D2BFA6C21BC64E4F00A8B70E /* SafeKVOHandle.h */,
				D2BFA6C31BC64E4F00A8B70E /* SafeKVOHandle.m */,
				D285E5991BC769E50090FA0E /* NSObject+KVOHelper.h */,
				D285E59A1BC769E50090FA0E /* NSObject+KVOHelper.m */,
				D2BFA6A61BC64E2500A8B70E /* Main.storyboard */,
				D2BFA6A91BC64E2500A8B70E /* Images.xcassets */,
				D2BFA6AB1BC64E2500A8B70E /* LaunchScreen.xib */,
				D2BFA69C1BC64E2500A8B70E /* Supporting Files */,
			);
			path = SafeKVOHandle;
			sourceTree = "<group>";
		};
		D2BFA69C1BC64E2500A8B70E /* Supporting Files */ = {
			isa = PBXGroup;
			children = (
				D2BFA69D1BC64E2500A8B70E /* Info.plist */,
				D2BFA69E1BC64E2500A8B70E /* main.m */,
			);
			name = "Supporting Files";
			sourceTree = "<group>";
		};
		D2BFA6B51BC64E2600A8B70E /* SafeKVOHandleTests */ = {
			isa = PBXGroup;
			children = (
				D2BFA6B81BC64E2600A8B70E /* SafeKVOHandleTests.m */,
				D2BFA6B61BC64E2600A8B70E /* Supporting Files */,
			);
			path = SafeKVOHandleTests;
			sourceTree = "<group>";
		};
		D2BFA6B61BC64E2600A8B70E /* Supporting Files */ = {
			isa = PBXGroup;
			children = (
				D2BFA6B71BC64E2600A8B70E /* Info.plist */,
			);
			name = "Supporting Files";
			sourceTree = "<group>";
		};
/* End PBXGroup section */

/* Begin PBXNativeTarget section */
		D2BFA6981BC64E2500A8B70E /* SafeKVOHandle */ = {
			isa = PBXNativeTarget;
			buildConfigurationList = D2BFA6BC1BC64E2600A8B70E /* Build configuration list for PBXNativeTarget "SafeKVOHandle" */;
			buildPhases = (
				D2BFA6951BC64E2500A8B70E /* Sources */,
				D2BFA6961BC64E2500A8B70E /* Frameworks */,
				D2BFA6971BC64E2500A8B70E /* Resources */,
			);
			buildRules = (
			);
			dependencies = (
			);
			name = SafeKVOHandle;
			productName = SafeKVOHandle;
			productReference = D2BFA6991BC64E2500A8B70E /* SafeKVOHandle.app */;
			productType = "com.apple.product-type.application";
		};
		D2BFA6B11BC64E2600A8B70E /* SafeKVOHandleTests */ = {
			isa = PBXNativeTarget;
			buildConfigurationList = D2BFA6BF1BC64E2600A8B70E /* Build configuration list for PBXNativeTarget "SafeKVOHandleTests" */;
			buildPhases = (
				D2BFA6AE1BC64E2600A8B70E /* Sources */,
				D2BFA6AF1BC64E2600A8B70E /* Frameworks */,
				D2BFA6B01BC64E2600A8B70E /* Resources */,
			);
			buildRules = (
			);
			dependencies = (
				D2BFA6B41BC64E2600A8B70E /* PBXTargetDependency */,
			);
			name = SafeKVOHandleTests;
			productName = SafeKVOHandleTests;
			productReference = D2BFA6B21BC64E2600A8B70E /* SafeKVOHandleTests.xctest */;
			productType = "com.apple.product-type.bundle.unit-test";
		};
/* End PBXNativeTarget section */

/* Begin PBXProject section */
		D2BFA6911BC64E2500A8B70E /* Project object */ = {
			isa = PBXProject;
			attributes = {
				LastUpgradeCheck = 0640;
				ORGANIZATIONNAME = crazylhf;
				TargetAttributes = {
					D2BFA6981BC64E2500A8B70E = {
						CreatedOnToolsVersion = 6.4;
					};
					D2BFA6B11BC64E2600A8B70E = {
						CreatedOnToolsVersion = 6.4;
						TestTargetID = D2BFA6981BC64E2500A8B70E;
					};
				};
			};
			buildConfigurationList = D2BFA6941BC64E2500A8B70E /* Build configuration list for PBXProject "SafeKVOHandle" */;
			compatibilityVersion = "Xcode 3.2";
			developmentRegion = English;
			hasScannedForEncodings = 0;
			knownRegions = (
				en,
				Base,
			);
			mainGroup = D2BFA6901BC64E2500A8B70E;
			productRefGroup = D2BFA69A1BC64E2500A8B70E /* Products */;
			projectDirPath = "";
			projectRoot = "";
			targets = (
				D2BFA6981BC64E2500A8B70E /* SafeKVOHandle */,
				D2BFA6B11BC64E2600A8B70E /* SafeKVOHandleTests */,
			);
		};
/* End PBXProject section */

/* Begin PBXResourcesBuildPhase section */
		D2BFA6971BC64E2500A8B70E /* Resources */ = {
			isa = PBXResourcesBuildPhase;
			buildActionMask = 2147483647;
			files = (
				D2BFA6A81BC64E2500A8B70E /* Main.storyboard in Resources */,
				D2BFA6AD1BC64E2500A8B70E /* LaunchScreen.xib in Resources */,
				D2BFA6AA1BC64E2500A8B70E /* Images.xcassets in Resources */,
			);
			runOnlyForDeploymentPostprocessing = 0;
		};
		D2BFA6B01BC64E2600A8B70E /* Resources */ = {
			isa = PBXResourcesBuildPhase;
			buildActionMask = 2147483647;
			files = (
			);
			runOnlyForDeploymentPostprocessing = 0;
		};
/* End PBXResourcesBuildPhase section */

/* Begin PBXSourcesBuildPhase section */
		D2BFA6951BC64E2500A8B70E /* Sources */ = {
			isa = PBXSourcesBuildPhase;
			buildActionMask = 2147483647;
			files = (
				D2BFA6A51BC64E2500A8B70E /* ViewController.m in Sources */,
				D2BFA6C41BC64E4F00A8B70E /* SafeKVOHandle.m in Sources */,
				D2BFA6A21BC64E2500A8B70E /* AppDelegate.m in Sources */,
				D2BFA69F1BC64E2500A8B70E /* main.m in Sources */,
				D285E59B1BC769E50090FA0E /* NSObject+KVOHelper.m in Sources */,
			);
			runOnlyForDeploymentPostprocessing = 0;
		};
		D2BFA6AE1BC64E2600A8B70E /* Sources */ = {
			isa = PBXSourcesBuildPhase;
			buildActionMask = 2147483647;
			files = (
				D2BFA6B91BC64E2600A8B70E /* SafeKVOHandleTests.m in Sources */,
			);
			runOnlyForDeploymentPostprocessing = 0;
		};
/* End PBXSourcesBuildPhase section */

/* Begin PBXTargetDependency section */
		D2BFA6B41BC64E2600A8B70E /* PBXTargetDependency */ = {
			isa = PBXTargetDependency;
			target = D2BFA6981BC64E2500A8B70E /* SafeKVOHandle */;
			targetProxy = D2BFA6B31BC64E2600A8B70E /* PBXContainerItemProxy */;
		};
/* End PBXTargetDependency section */

/* Begin PBXVariantGroup section */
		D2BFA6A61BC64E2500A8B70E /* Main.storyboard */ = {
			isa = PBXVariantGroup;
			children = (
				D2BFA6A71BC64E2500A8B70E /* Base */,
			);
			name = Main.storyboard;
			sourceTree = "<group>";
		};
		D2BFA6AB1BC64E2500A8B70E /* LaunchScreen.xib */ = {
			isa = PBXVariantGroup;
			children = (
				D2BFA6AC1BC64E2500A8B70E /* Base */,
			);
			name = LaunchScreen.xib;
			sourceTree = "<group>";
		};
/* End PBXVariantGroup section */

/* Begin XCBuildConfiguration section */
		D2BFA6BA1BC64E2600A8B70E /* Debug */ = {
			isa = XCBuildConfiguration;
			buildSettings = {
				ALWAYS_SEARCH_USER_PATHS = NO;
				CLANG_CXX_LANGUAGE_STANDARD = "gnu++0x";
				CLANG_CXX_LIBRARY = "libc++";
				CLANG_ENABLE_MODULES = YES;
				CLANG_ENABLE_OBJC_ARC = YES;
				CLANG_WARN_BOOL_CONVERSION = YES;
				CLANG_WARN_CONSTANT_CONVERSION = YES;
				CLANG_WARN_DIRECT_OBJC_ISA_USAGE = YES_ERROR;
				CLANG_WARN_EMPTY_BODY = YES;
				CLANG_WARN_ENUM_CONVERSION = YES;
				CLANG_WARN_INT_CONVERSION = YES;
				CLANG_WARN_OBJC_ROOT_CLASS = YES_ERROR;
				CLANG_WARN_UNREACHABLE_CODE = YES;
				CLANG_WARN__DUPLICATE_METHOD_MATCH = YES;
				"CODE_SIGN_IDENTITY[sdk=iphoneos*]" = "iPhone Developer";
				COPY_PHASE_STRIP = NO;
				DEBUG_INFORMATION_FORMAT = "dwarf-with-dsym";
				ENABLE_STRICT_OBJC_MSGSEND = YES;
				GCC_C_LANGUAGE_STANDARD = gnu99;
				GCC_DYNAMIC_NO_PIC = NO;
				GCC_NO_COMMON_BLOCKS = YES;
				GCC_OPTIMIZATION_LEVEL = 0;
				GCC_PREPROCESSOR_DEFINITIONS = (
					"DEBUG=1",
					"$(inherited)",
				);
				GCC_SYMBOLS_PRIVATE_EXTERN = NO;
				GCC_WARN_64_TO_32_BIT_CONVERSION = YES;
				GCC_WARN_ABOUT_RETURN_TYPE = YES_ERROR;
				GCC_WARN_UNDECLARED_SELECTOR = YES;
				GCC_WARN_UNINITIALIZED_AUTOS = YES_AGGRESSIVE;
				GCC_WARN_UNUSED_FUNCTION = YES;
				GCC_WARN_UNUSED_VARIABLE = YES;
				IPHONEOS_DEPLOYMENT_TARGET = 8.4;
				MTL_ENABLE_DEBUG_INFO = YES;
				ONLY_ACTIVE_ARCH = YES;
				SDKROOT = iphoneos;
			};
			name = Debug;
		};
		D2BFA6BB1BC64E2600A8B70E /* Release */ = {
			isa = XCBuildConfiguration;
			buildSettings = {
				ALWAYS_SEARCH_USER_PATHS = NO;
				CLANG_CXX_LANGUAGE_STANDARD = "gnu++0x";
				CLANG_CXX_LIBRARY = "libc++";
				CLANG_ENABLE_MODULES = YES;
				CLANG_ENABLE_OBJC_ARC = YES;
				CLANG_WARN_BOOL_CONVERSION = YES;
				CLANG_WARN_CONSTANT_CONVERSION = YES;
				CLANG_WARN_DIRECT_OBJC_ISA_USAGE = YES_ERROR;
				CLANG_WARN_EMPTY_BODY = YES;
				CLANG_WARN_ENUM_CONVERSION = YES;
				CLANG_WARN_INT_CONVERSION = YES;
				CLANG_WARN_OBJC_ROOT_CLASS = YES_ERROR;
				CLANG_WARN_UNREACHABLE_CODE = YES;
				CLANG_WARN__DUPLICATE_METHOD_MATCH = YES;
				"CODE_SIGN_IDENTITY[sdk=iphoneos*]" = "iPhone Developer";
				COPY_PHASE_STRIP = NO;
				DEBUG_INFORMATION_FORMAT = "dwarf-with-dsym";
				ENABLE_NS_ASSERTIONS = NO;
				ENABLE_STRICT_OBJC_MSGSEND = YES;
				GCC_C_LANGUAGE_STANDARD = gnu99;
				GCC_NO_COMMON_BLOCKS = YES;
				GCC_WARN_64_TO_32_BIT_CONVERSION = YES;
				GCC_WARN_ABOUT_RETURN_TYPE = YES_ERROR;
				GCC_WARN_UNDECLARED_SELECTOR = YES;
				GCC_WARN_UNINITIALIZED_AUTOS = YES_AGGRESSIVE;
				GCC_WARN_UNUSED_FUNCTION = YES;
				GCC_WARN_UNUSED_VARIABLE = YES;
				IPHONEOS_DEPLOYMENT_TARGET = 8.4;
				MTL_ENABLE_DEBUG_INFO = NO;
				SDKROOT = iphoneos;
				VALIDATE_PRODUCT = YES;
			};
			name = Release;
		};
		D2BFA6BD1BC64E2600A8B70E /* Debug */ = {
			isa = XCBuildConfiguration;
			buildSettings = {
				ASSETCATALOG_COMPILER_APPICON_NAME = AppIcon;
				INFOPLIST_FILE = SafeKVOHandle/Info.plist;
				IPHONEOS_DEPLOYMENT_TARGET = 7.0;
				LD_RUNPATH_SEARCH_PATHS = "$(inherited) @executable_path/Frameworks";
				PRODUCT_NAME = "$(TARGET_NAME)";
			};
			name = Debug;
		};
		D2BFA6BE1BC64E2600A8B70E /* Release */ = {
			isa = XCBuildConfiguration;
			buildSettings = {
				ASSETCATALOG_COMPILER_APPICON_NAME = AppIcon;
				INFOPLIST_FILE = SafeKVOHandle/Info.plist;
				IPHONEOS_DEPLOYMENT_TARGET = 7.0;
				LD_RUNPATH_SEARCH_PATHS = "$(inherited) @executable_path/Frameworks";
				PRODUCT_NAME = "$(TARGET_NAME)";
			};
			name = Release;
		};
		D2BFA6C01BC64E2600A8B70E /* Debug */ = {
			isa = XCBuildConfiguration;
			buildSettings = {
				BUNDLE_LOADER = "$(TEST_HOST)";
				FRAMEWORK_SEARCH_PATHS = (
					"$(SDKROOT)/Developer/Library/Frameworks",
					"$(inherited)",
				);
				GCC_PREPROCESSOR_DEFINITIONS = (
					"DEBUG=1",
					"$(inherited)",
				);
				INFOPLIST_FILE = SafeKVOHandleTests/Info.plist;
				LD_RUNPATH_SEARCH_PATHS = "$(inherited) @executable_path/Frameworks @loader_path/Frameworks";
				PRODUCT_NAME = "$(TARGET_NAME)";
				TEST_HOST = "$(BUILT_PRODUCTS_DIR)/SafeKVOHandle.app/SafeKVOHandle";
			};
			name = Debug;
		};
		D2BFA6C11BC64E2600A8B70E /* Release */ = {
			isa = XCBuildConfiguration;
			buildSettings = {
				BUNDLE_LOADER = "$(TEST_HOST)";
				FRAMEWORK_SEARCH_PATHS = (
					"$(SDKROOT)/Developer/Library/Frameworks",
					"$(inherited)",
				);
				INFOPLIST_FILE = SafeKVOHandleTests/Info.plist;
				LD_RUNPATH_SEARCH_PATHS = "$(inherited) @executable_path/Frameworks @loader_path/Frameworks";
				PRODUCT_NAME = "$(TARGET_NAME)";
				TEST_HOST = "$(BUILT_PRODUCTS_DIR)/SafeKVOHandle.app/SafeKVOHandle";
			};
			name = Release;
		};
/* End XCBuildConfiguration section */

/* Begin XCConfigurationList section */
		D2BFA6941BC64E2500A8B70E /* Build configuration list for PBXProject "SafeKVOHandle" */ = {
			isa = XCConfigurationList;
			buildConfigurations = (
				D2BFA6BA1BC64E2600A8B70E /* Debug */,
				D2BFA6BB1BC64E2600A8B70E /* Release */,
			);
			defaultConfigurationIsVisible = 0;
			defaultConfigurationName = Release;
		};
		D2BFA6BC1BC64E2600A8B70E /* Build configuration list for PBXNativeTarget "SafeKVOHandle" */ = {
			isa = XCConfigurationList;
			buildConfigurations = (
				D2BFA6BD1BC64E2600A8B70E /* Debug */,
				D2BFA6BE1BC64E2600A8B70E /* Release */,
			);
			defaultConfigurationIsVisible = 0;
			defaultConfigurationName = Release;
		};
		D2BFA6BF1BC64E2600A8B70E /* Build configuration list for PBXNativeTarget "SafeKVOHandleTests" */ = {
			isa = XCConfigurationList;
			buildConfigurations = (
				D2BFA6C01BC64E2600A8B70E /* Debug */,
				D2BFA6C11BC64E2600A8B70E /* Release */,
			);
			defaultConfigurationIsVisible = 0;
			defaultConfigurationName = Release;
		};
/* End XCConfigurationList section */
	};
	rootObject = D2BFA6911BC64E2500A8B70E /* Project object */;
}
